
Microsoft Visual Studio Solution File, Format Version 12.00
# Visual Studio Version 17
VisualStudioVersion = 17.4.33213.308
MinimumVisualStudioVersion = 10.0.40219.1
Project("{FAE04EC0-301F-11D3-BF4B-00C04F79EFBC}") = "ClientWebHook", "ClientWebHook\ClientWebHook.csproj", "{867FEACE-BF1F-4F56-B991-B58F900E2D00}"
EndProject
Global
	GlobalSection(SolutionConfigurationPlatforms) = preSolution
		Debug|Any CPU = Debug|Any CPU
		Release|Any CPU = Release|Any CPU
	EndGlobalSection
	GlobalSection(ProjectConfigurationPlatforms) = postSolution
		{867FEACE-BF1F-4F56-B991-B58F900E2D00}.Debug|Any CPU.ActiveCfg = Debug|Any CPU
		{867FEACE-BF1F-4F56-B991-B58F900E2D00}.Debug|Any CPU.Build.0 = Debug|Any CPU
		{867FEACE-BF1F-4F56-B991-B58F900E2D00}.Release|Any CPU.ActiveCfg = Release|Any CPU
		{867FEACE-BF1F-4F56-B991-B58F900E2D00}.Release|Any CPU.Build.0 = Release|Any CPU
	EndGlobalSection
	GlobalSection(SolutionProperties) = preSolution
		HideSolutionNode = FALSE
	EndGlobalSection
	GlobalSection(ExtensibilityGlobals) = postSolution
		SolutionGuid = {1691575C-1C42-4237-BBCF-301A057DFDDC}
	EndGlobalSection
EndGlobal
